// !$*UTF8*$!
{
	archiveVersion = 1;
	classes = {
	};
	objectVersion = 46;
	objects = {

/* Begin PBXBuildFile section */
		80EDF0B060FB4595E0C76D76 /* Pods_WeMeet.framework in Frameworks */ = {isa = PBXBuildFile; fileRef = 3BC798F3807628D72B82585E /* Pods_WeMeet.framework */; settings = {ATTRIBUTES = (Weak, ); }; };
		AC088F121B7E62E400E23C6A /* DatesViewController.swift in Sources */ = {isa = PBXBuildFile; fileRef = AC088F111B7E62E400E23C6A /* DatesViewController.swift */; };
		AC0F6AEE1B77076100BC3DC4 /* ContactCell.swift in Sources */ = {isa = PBXBuildFile; fileRef = AC0F6AED1B77076100BC3DC4 /* ContactCell.swift */; };
		AC0F6AF21B77E7D300BC3DC4 /* LoginViewController.swift in Sources */ = {isa = PBXBuildFile; fileRef = AC0F6AF11B77E7D300BC3DC4 /* LoginViewController.swift */; };
		AC0F6AF41B78F90E00BC3DC4 /* SignUpViewController.swift in Sources */ = {isa = PBXBuildFile; fileRef = AC0F6AF31B78F90E00BC3DC4 /* SignUpViewController.swift */; };
		AC0F6AF61B79313B00BC3DC4 /* PhoneVerifyViewController.swift in Sources */ = {isa = PBXBuildFile; fileRef = AC0F6AF51B79313B00BC3DC4 /* PhoneVerifyViewController.swift */; };
		AC0F6B481B7D13CC00BC3DC4 /* TimeDate.swift in Sources */ = {isa = PBXBuildFile; fileRef = AC0F6B471B7D13CC00BC3DC4 /* TimeDate.swift */; };
		AC1398341C152508007C7726 /* StoreKit.framework in Frameworks */ = {isa = PBXBuildFile; fileRef = AC1398331C152508007C7726 /* StoreKit.framework */; };
		AC1398361C15262E007C7726 /* Parse.framework in Frameworks */ = {isa = PBXBuildFile; fileRef = AC1398351C15262E007C7726 /* Parse.framework */; };
		AC45E0351B613F2C00F99066 /* Bolts.framework in Frameworks */ = {isa = PBXBuildFile; fileRef = AC45E0331B613F2C00F99066 /* Bolts.framework */; };
		AC45E0381B613F9E00F99066 /* AudioToolbox.framework in Frameworks */ = {isa = PBXBuildFile; fileRef = AC45E0371B613F9E00F99066 /* AudioToolbox.framework */; };
		AC45E03A1B613FA500F99066 /* CFNetwork.framework in Frameworks */ = {isa = PBXBuildFile; fileRef = AC45E0391B613FA500F99066 /* CFNetwork.framework */; };
		AC45E03D1B613FAC00F99066 /* CoreGraphics.framework in Frameworks */ = {isa = PBXBuildFile; fileRef = AC45E03B1B613FAC00F99066 /* CoreGraphics.framework */; };
		AC45E03E1B613FAC00F99066 /* CoreLocation.framework in Frameworks */ = {isa = PBXBuildFile; fileRef = AC45E03C1B613FAC00F99066 /* CoreLocation.framework */; };
		AC45E0431B613FB900F99066 /* QuartzCore.framework in Frameworks */ = {isa = PBXBuildFile; fileRef = AC45E03F1B613FB900F99066 /* QuartzCore.framework */; };
		AC45E0441B613FB900F99066 /* Security.framework in Frameworks */ = {isa = PBXBuildFile; fileRef = AC45E0401B613FB900F99066 /* Security.framework */; };
		AC45E0451B613FB900F99066 /* Social.framework in Frameworks */ = {isa = PBXBuildFile; fileRef = AC45E0411B613FB900F99066 /* Social.framework */; };
		AC45E04A1B613FCB00F99066 /* libsqlite3.dylib in Frameworks */ = {isa = PBXBuildFile; fileRef = AC45E0471B613FCB00F99066 /* libsqlite3.dylib */; };
		AC45E04B1B613FCB00F99066 /* libz.dylib in Frameworks */ = {isa = PBXBuildFile; fileRef = AC45E0481B613FCB00F99066 /* libz.dylib */; };
		AC45E04C1B613FCB00F99066 /* SystemConfiguration.framework in Frameworks */ = {isa = PBXBuildFile; fileRef = AC45E0491B613FCB00F99066 /* SystemConfiguration.framework */; };
		AC45E04E1B613FD200F99066 /* Accounts.framework in Frameworks */ = {isa = PBXBuildFile; fileRef = AC45E04D1B613FD200F99066 /* Accounts.framework */; };
		AC45E0501B61673E00F99066 /* Group.swift in Sources */ = {isa = PBXBuildFile; fileRef = AC45E04F1B61673E00F99066 /* Group.swift */; };
		AC45E05E1B656B5F00F99066 /* Timeslot.swift in Sources */ = {isa = PBXBuildFile; fileRef = AC45E05D1B656B5F00F99066 /* Timeslot.swift */; };
		AC4E1A451B694E300090A8E5 /* TimeGridViewController.swift in Sources */ = {isa = PBXBuildFile; fileRef = AC4E1A441B694E300090A8E5 /* TimeGridViewController.swift */; };
		AC4E1A4A1B6958F70090A8E5 /* SelectTimeViewController.swift in Sources */ = {isa = PBXBuildFile; fileRef = AC4E1A491B6958F70090A8E5 /* SelectTimeViewController.swift */; };
		AC5A5B5B1B6BCA4B007A975F /* MemberFilterTableViewController.swift in Sources */ = {isa = PBXBuildFile; fileRef = AC5A5B5A1B6BCA4B007A975F /* MemberFilterTableViewController.swift */; };
		AC5A5B8D1B6FF645007A975F /* TimeDisplayViewController.swift in Sources */ = {isa = PBXBuildFile; fileRef = AC5A5B8C1B6FF645007A975F /* TimeDisplayViewController.swift */; };
		AC5A5B911B7159D3007A975F /* MembersTableViewController.swift in Sources */ = {isa = PBXBuildFile; fileRef = AC5A5B901B7159D3007A975F /* MembersTableViewController.swift */; };
		AC5A5BC41B716433007A975F /* TimeDisplayButton.swift in Sources */ = {isa = PBXBuildFile; fileRef = AC5A5BC31B716433007A975F /* TimeDisplayButton.swift */; };
		AC5A5BC61B71645F007A975F /* TimeButton.swift in Sources */ = {isa = PBXBuildFile; fileRef = AC5A5BC51B71645F007A975F /* TimeButton.swift */; };
		AC5A5BC81B726867007A975F /* AddMemberViewController.swift in Sources */ = {isa = PBXBuildFile; fileRef = AC5A5BC71B726867007A975F /* AddMemberViewController.swift */; };
		AC5A5BCA1B729210007A975F /* ByUsernameViewController.swift in Sources */ = {isa = PBXBuildFile; fileRef = AC5A5BC91B729210007A975F /* ByUsernameViewController.swift */; };
		AC5A5BCC1B73BB85007A975F /* AlertControllerHelper.swift in Sources */ = {isa = PBXBuildFile; fileRef = AC5A5BCB1B73BB85007A975F /* AlertControllerHelper.swift */; };
		AC89429D1B75080A005D0A3D /* AddressBook.framework in Frameworks */ = {isa = PBXBuildFile; fileRef = AC89429B1B75080A005D0A3D /* AddressBook.framework */; };
		AC89429E1B75080A005D0A3D /* AddressBookUI.framework in Frameworks */ = {isa = PBXBuildFile; fileRef = AC89429C1B75080A005D0A3D /* AddressBookUI.framework */; };
		ACB1E9951B75518800426914 /* AddressBookTableViewController.swift in Sources */ = {isa = PBXBuildFile; fileRef = ACB1E9941B75518800426914 /* AddressBookTableViewController.swift */; };
		ACC9043A1B86BAD000D90B78 /* ProfileViewController.swift in Sources */ = {isa = PBXBuildFile; fileRef = ACC904391B86BAD000D90B78 /* ProfileViewController.swift */; };
		ACD45AFC1B5405BF009B1DC9 /* AppDelegate.swift in Sources */ = {isa = PBXBuildFile; fileRef = ACD45AFB1B5405BF009B1DC9 /* AppDelegate.swift */; };
		ACD45B011B5405BF009B1DC9 /* Main.storyboard in Resources */ = {isa = PBXBuildFile; fileRef = ACD45AFF1B5405BF009B1DC9 /* Main.storyboard */; };
		ACD45B031B5405BF009B1DC9 /* Images.xcassets in Resources */ = {isa = PBXBuildFile; fileRef = ACD45B021B5405BF009B1DC9 /* Images.xcassets */; };
		ACD45B061B5405BF009B1DC9 /* LaunchScreen.xib in Resources */ = {isa = PBXBuildFile; fileRef = ACD45B041B5405BF009B1DC9 /* LaunchScreen.xib */; };
		ACD45B121B5405BF009B1DC9 /* WeMeetTests.swift in Sources */ = {isa = PBXBuildFile; fileRef = ACD45B111B5405BF009B1DC9 /* WeMeetTests.swift */; };
		ACD45B1C1B54062F009B1DC9 /* HomeTableViewController.swift in Sources */ = {isa = PBXBuildFile; fileRef = ACD45B1B1B54062F009B1DC9 /* HomeTableViewController.swift */; };
		ACE4F8F21B667A9C005FBE85 /* NewGroupViewController.swift in Sources */ = {isa = PBXBuildFile; fileRef = ACE4F8F11B667A9C005FBE85 /* NewGroupViewController.swift */; };
		ACE4F8F81B67C134005FBE85 /* GroupDisplayViewController.swift in Sources */ = {isa = PBXBuildFile; fileRef = ACE4F8F71B67C134005FBE85 /* GroupDisplayViewController.swift */; };
/* End PBXBuildFile section */

/* Begin PBXContainerItemProxy section */
		ACD45B0C1B5405BF009B1DC9 /* PBXContainerItemProxy */ = {
			isa = PBXContainerItemProxy;
			containerPortal = ACD45AEE1B5405BF009B1DC9 /* Project object */;
			proxyType = 1;
			remoteGlobalIDString = ACD45AF51B5405BF009B1DC9;
			remoteInfo = WeMeet;
		};
/* End PBXContainerItemProxy section */

/* Begin PBXFileReference section */
		3BC798F3807628D72B82585E /* Pods_WeMeet.framework */ = {isa = PBXFileReference; explicitFileType = wrapper.framework; includeInIndex = 0; path = Pods_WeMeet.framework; sourceTree = BUILT_PRODUCTS_DIR; };
		7EE2410F5C6DF26298049031 /* Pods-WeMeet.debug.xcconfig */ = {isa = PBXFileReference; includeInIndex = 1; lastKnownFileType = text.xcconfig; name = "Pods-WeMeet.debug.xcconfig"; path = "Pods/Target Support Files/Pods-WeMeet/Pods-WeMeet.debug.xcconfig"; sourceTree = "<group>"; };
		AC088F111B7E62E400E23C6A /* DatesViewController.swift */ = {isa = PBXFileReference; fileEncoding = 4; lastKnownFileType = sourcecode.swift; path = DatesViewController.swift; sourceTree = "<group>"; };
		AC0F6AED1B77076100BC3DC4 /* ContactCell.swift */ = {isa = PBXFileReference; fileEncoding = 4; lastKnownFileType = sourcecode.swift; path = ContactCell.swift; sourceTree = "<group>"; };
		AC0F6AF11B77E7D300BC3DC4 /* LoginViewController.swift */ = {isa = PBXFileReference; fileEncoding = 4; lastKnownFileType = sourcecode.swift; path = LoginViewController.swift; sourceTree = "<group>"; };
		AC0F6AF31B78F90E00BC3DC4 /* SignUpViewController.swift */ = {isa = PBXFileReference; fileEncoding = 4; lastKnownFileType = sourcecode.swift; path = SignUpViewController.swift; sourceTree = "<group>"; };
		AC0F6AF51B79313B00BC3DC4 /* PhoneVerifyViewController.swift */ = {isa = PBXFileReference; fileEncoding = 4; lastKnownFileType = sourcecode.swift; path = PhoneVerifyViewController.swift; sourceTree = "<group>"; };
		AC0F6B471B7D13CC00BC3DC4 /* TimeDate.swift */ = {isa = PBXFileReference; fileEncoding = 4; lastKnownFileType = sourcecode.swift; path = TimeDate.swift; sourceTree = "<group>"; };
		AC1398331C152508007C7726 /* StoreKit.framework */ = {isa = PBXFileReference; lastKnownFileType = wrapper.framework; name = StoreKit.framework; path = System/Library/Frameworks/StoreKit.framework; sourceTree = SDKROOT; };
		AC1398351C15262E007C7726 /* Parse.framework */ = {isa = PBXFileReference; lastKnownFileType = wrapper.framework; path = Parse.framework; sourceTree = "<group>"; };
		AC1398381C1528FB007C7726 /* bridge.h */ = {isa = PBXFileReference; fileEncoding = 4; lastKnownFileType = sourcecode.c.h; path = bridge.h; sourceTree = "<group>"; };
		AC45E0331B613F2C00F99066 /* Bolts.framework */ = {isa = PBXFileReference; lastKnownFileType = wrapper.framework; path = Bolts.framework; sourceTree = "<group>"; };
		AC45E0371B613F9E00F99066 /* AudioToolbox.framework */ = {isa = PBXFileReference; lastKnownFileType = wrapper.framework; name = AudioToolbox.framework; path = System/Library/Frameworks/AudioToolbox.framework; sourceTree = SDKROOT; };
		AC45E0391B613FA500F99066 /* CFNetwork.framework */ = {isa = PBXFileReference; lastKnownFileType = wrapper.framework; name = CFNetwork.framework; path = System/Library/Frameworks/CFNetwork.framework; sourceTree = SDKROOT; };
		AC45E03B1B613FAC00F99066 /* CoreGraphics.framework */ = {isa = PBXFileReference; lastKnownFileType = wrapper.framework; name = CoreGraphics.framework; path = System/Library/Frameworks/CoreGraphics.framework; sourceTree = SDKROOT; };
		AC45E03C1B613FAC00F99066 /* CoreLocation.framework */ = {isa = PBXFileReference; lastKnownFileType = wrapper.framework; name = CoreLocation.framework; path = System/Library/Frameworks/CoreLocation.framework; sourceTree = SDKROOT; };
		AC45E03F1B613FB900F99066 /* QuartzCore.framework */ = {isa = PBXFileReference; lastKnownFileType = wrapper.framework; name = QuartzCore.framework; path = System/Library/Frameworks/QuartzCore.framework; sourceTree = SDKROOT; };
		AC45E0401B613FB900F99066 /* Security.framework */ = {isa = PBXFileReference; lastKnownFileType = wrapper.framework; name = Security.framework; path = System/Library/Frameworks/Security.framework; sourceTree = SDKROOT; };
		AC45E0411B613FB900F99066 /* Social.framework */ = {isa = PBXFileReference; lastKnownFileType = wrapper.framework; name = Social.framework; path = System/Library/Frameworks/Social.framework; sourceTree = SDKROOT; };
		AC45E0471B613FCB00F99066 /* libsqlite3.dylib */ = {isa = PBXFileReference; lastKnownFileType = "compiled.mach-o.dylib"; name = libsqlite3.dylib; path = usr/lib/libsqlite3.dylib; sourceTree = SDKROOT; };
		AC45E0481B613FCB00F99066 /* libz.dylib */ = {isa = PBXFileReference; lastKnownFileType = "compiled.mach-o.dylib"; name = libz.dylib; path = usr/lib/libz.dylib; sourceTree = SDKROOT; };
		AC45E0491B613FCB00F99066 /* SystemConfiguration.framework */ = {isa = PBXFileReference; lastKnownFileType = wrapper.framework; name = SystemConfiguration.framework; path = System/Library/Frameworks/SystemConfiguration.framework; sourceTree = SDKROOT; };
		AC45E04D1B613FD200F99066 /* Accounts.framework */ = {isa = PBXFileReference; lastKnownFileType = wrapper.framework; name = Accounts.framework; path = System/Library/Frameworks/Accounts.framework; sourceTree = SDKROOT; };
		AC45E04F1B61673E00F99066 /* Group.swift */ = {isa = PBXFileReference; fileEncoding = 4; lastKnownFileType = sourcecode.swift; path = Group.swift; sourceTree = "<group>"; };
		AC45E05D1B656B5F00F99066 /* Timeslot.swift */ = {isa = PBXFileReference; fileEncoding = 4; lastKnownFileType = sourcecode.swift; path = Timeslot.swift; sourceTree = "<group>"; };
		AC4E1A441B694E300090A8E5 /* TimeGridViewController.swift */ = {isa = PBXFileReference; fileEncoding = 4; lastKnownFileType = sourcecode.swift; path = TimeGridViewController.swift; sourceTree = "<group>"; };
		AC4E1A491B6958F70090A8E5 /* SelectTimeViewController.swift */ = {isa = PBXFileReference; fileEncoding = 4; lastKnownFileType = sourcecode.swift; path = SelectTimeViewController.swift; sourceTree = "<group>"; };
		AC5A5B5A1B6BCA4B007A975F /* MemberFilterTableViewController.swift */ = {isa = PBXFileReference; fileEncoding = 4; lastKnownFileType = sourcecode.swift; path = MemberFilterTableViewController.swift; sourceTree = "<group>"; };
		AC5A5B8C1B6FF645007A975F /* TimeDisplayViewController.swift */ = {isa = PBXFileReference; fileEncoding = 4; lastKnownFileType = sourcecode.swift; path = TimeDisplayViewController.swift; sourceTree = "<group>"; };
		AC5A5B901B7159D3007A975F /* MembersTableViewController.swift */ = {isa = PBXFileReference; fileEncoding = 4; lastKnownFileType = sourcecode.swift; path = MembersTableViewController.swift; sourceTree = "<group>"; };
		AC5A5BC31B716433007A975F /* TimeDisplayButton.swift */ = {isa = PBXFileReference; fileEncoding = 4; lastKnownFileType = sourcecode.swift; path = TimeDisplayButton.swift; sourceTree = "<group>"; };
		AC5A5BC51B71645F007A975F /* TimeButton.swift */ = {isa = PBXFileReference; fileEncoding = 4; lastKnownFileType = sourcecode.swift; path = TimeButton.swift; sourceTree = "<group>"; };
		AC5A5BC71B726867007A975F /* AddMemberViewController.swift */ = {isa = PBXFileReference; fileEncoding = 4; lastKnownFileType = sourcecode.swift; path = AddMemberViewController.swift; sourceTree = "<group>"; };
		AC5A5BC91B729210007A975F /* ByUsernameViewController.swift */ = {isa = PBXFileReference; fileEncoding = 4; lastKnownFileType = sourcecode.swift; path = ByUsernameViewController.swift; sourceTree = "<group>"; };
		AC5A5BCB1B73BB85007A975F /* AlertControllerHelper.swift */ = {isa = PBXFileReference; fileEncoding = 4; lastKnownFileType = sourcecode.swift; path = AlertControllerHelper.swift; sourceTree = "<group>"; };
		AC89429B1B75080A005D0A3D /* AddressBook.framework */ = {isa = PBXFileReference; lastKnownFileType = wrapper.framework; name = AddressBook.framework; path = System/Library/Frameworks/AddressBook.framework; sourceTree = SDKROOT; };
		AC89429C1B75080A005D0A3D /* AddressBookUI.framework */ = {isa = PBXFileReference; lastKnownFileType = wrapper.framework; name = AddressBookUI.framework; path = System/Library/Frameworks/AddressBookUI.framework; sourceTree = SDKROOT; };
		ACB1E9941B75518800426914 /* AddressBookTableViewController.swift */ = {isa = PBXFileReference; fileEncoding = 4; lastKnownFileType = sourcecode.swift; path = AddressBookTableViewController.swift; sourceTree = "<group>"; };
		ACC904391B86BAD000D90B78 /* ProfileViewController.swift */ = {isa = PBXFileReference; fileEncoding = 4; lastKnownFileType = sourcecode.swift; path = ProfileViewController.swift; sourceTree = "<group>"; };
		ACD45AF61B5405BF009B1DC9 /* WeMeet.app */ = {isa = PBXFileReference; explicitFileType = wrapper.application; includeInIndex = 0; path = WeMeet.app; sourceTree = BUILT_PRODUCTS_DIR; };
		ACD45AFA1B5405BF009B1DC9 /* Info.plist */ = {isa = PBXFileReference; lastKnownFileType = text.plist.xml; path = Info.plist; sourceTree = "<group>"; };
		ACD45AFB1B5405BF009B1DC9 /* AppDelegate.swift */ = {isa = PBXFileReference; lastKnownFileType = sourcecode.swift; path = AppDelegate.swift; sourceTree = "<group>"; };
		ACD45B001B5405BF009B1DC9 /* Base */ = {isa = PBXFileReference; lastKnownFileType = file.storyboard; name = Base; path = Base.lproj/Main.storyboard; sourceTree = "<group>"; };
		ACD45B021B5405BF009B1DC9 /* Images.xcassets */ = {isa = PBXFileReference; lastKnownFileType = folder.assetcatalog; path = Images.xcassets; sourceTree = "<group>"; };
		ACD45B051B5405BF009B1DC9 /* Base */ = {isa = PBXFileReference; lastKnownFileType = file.xib; name = Base; path = Base.lproj/LaunchScreen.xib; sourceTree = "<group>"; };
		ACD45B0B1B5405BF009B1DC9 /* WeMeetTests.xctest */ = {isa = PBXFileReference; explicitFileType = wrapper.cfbundle; includeInIndex = 0; path = WeMeetTests.xctest; sourceTree = BUILT_PRODUCTS_DIR; };
		ACD45B101B5405BF009B1DC9 /* Info.plist */ = {isa = PBXFileReference; lastKnownFileType = text.plist.xml; path = Info.plist; sourceTree = "<group>"; };
		ACD45B111B5405BF009B1DC9 /* WeMeetTests.swift */ = {isa = PBXFileReference; lastKnownFileType = sourcecode.swift; path = WeMeetTests.swift; sourceTree = "<group>"; };
		ACD45B1B1B54062F009B1DC9 /* HomeTableViewController.swift */ = {isa = PBXFileReference; fileEncoding = 4; lastKnownFileType = sourcecode.swift; name = HomeTableViewController.swift; path = ../HomeTableViewController.swift; sourceTree = "<group>"; };
		ACE4F8F11B667A9C005FBE85 /* NewGroupViewController.swift */ = {isa = PBXFileReference; fileEncoding = 4; lastKnownFileType = sourcecode.swift; path = NewGroupViewController.swift; sourceTree = "<group>"; };
		ACE4F8F71B67C134005FBE85 /* GroupDisplayViewController.swift */ = {isa = PBXFileReference; fileEncoding = 4; lastKnownFileType = sourcecode.swift; path = GroupDisplayViewController.swift; sourceTree = "<group>"; };
		CABF17B01D7D5AF7BE6CC99C /* Pods-WeMeet.release.xcconfig */ = {isa = PBXFileReference; includeInIndex = 1; lastKnownFileType = text.xcconfig; name = "Pods-WeMeet.release.xcconfig"; path = "Pods/Target Support Files/Pods-WeMeet/Pods-WeMeet.release.xcconfig"; sourceTree = "<group>"; };
/* End PBXFileReference section */

/* Begin PBXFrameworksBuildPhase section */
		ACD45AF31B5405BF009B1DC9 /* Frameworks */ = {
			isa = PBXFrameworksBuildPhase;
			buildActionMask = 2147483647;
			files = (
				AC1398341C152508007C7726 /* StoreKit.framework in Frameworks */,
				AC89429D1B75080A005D0A3D /* AddressBook.framework in Frameworks */,
				AC89429E1B75080A005D0A3D /* AddressBookUI.framework in Frameworks */,
				AC45E04E1B613FD200F99066 /* Accounts.framework in Frameworks */,
				AC45E04A1B613FCB00F99066 /* libsqlite3.dylib in Frameworks */,
				AC45E04B1B613FCB00F99066 /* libz.dylib in Frameworks */,
				AC1398361C15262E007C7726 /* Parse.framework in Frameworks */,
				AC45E04C1B613FCB00F99066 /* SystemConfiguration.framework in Frameworks */,
				AC45E0431B613FB900F99066 /* QuartzCore.framework in Frameworks */,
				AC45E0441B613FB900F99066 /* Security.framework in Frameworks */,
				AC45E0451B613FB900F99066 /* Social.framework in Frameworks */,
				AC45E03D1B613FAC00F99066 /* CoreGraphics.framework in Frameworks */,
				AC45E03E1B613FAC00F99066 /* CoreLocation.framework in Frameworks */,
				AC45E03A1B613FA500F99066 /* CFNetwork.framework in Frameworks */,
				AC45E0381B613F9E00F99066 /* AudioToolbox.framework in Frameworks */,
				AC45E0351B613F2C00F99066 /* Bolts.framework in Frameworks */,
				80EDF0B060FB4595E0C76D76 /* Pods_WeMeet.framework in Frameworks */,
			);
			runOnlyForDeploymentPostprocessing = 0;
		};
		ACD45B081B5405BF009B1DC9 /* Frameworks */ = {
			isa = PBXFrameworksBuildPhase;
			buildActionMask = 2147483647;
			files = (
			);
			runOnlyForDeploymentPostprocessing = 0;
		};
/* End PBXFrameworksBuildPhase section */

/* Begin PBXGroup section */
		1C58C2E6C5ADC0D0505F55F0 /* Frameworks */ = {
			isa = PBXGroup;
			children = (
				AC1398331C152508007C7726 /* StoreKit.framework */,
				AC89429B1B75080A005D0A3D /* AddressBook.framework */,
				AC89429C1B75080A005D0A3D /* AddressBookUI.framework */,
				3BC798F3807628D72B82585E /* Pods_WeMeet.framework */,
			);
			name = Frameworks;
			sourceTree = "<group>";
		};
		AC45E0301B613F0900F99066 /* Models */ = {
			isa = PBXGroup;
			children = (
				AC45E04F1B61673E00F99066 /* Group.swift */,
				AC45E05D1B656B5F00F99066 /* Timeslot.swift */,
				AC0F6B471B7D13CC00BC3DC4 /* TimeDate.swift */,
			);
			path = Models;
			sourceTree = "<group>";
		};
		AC45E0311B613F0900F99066 /* View Controllers */ = {
			isa = PBXGroup;
			children = (
				AC0F6AF11B77E7D300BC3DC4 /* LoginViewController.swift */,
				AC0F6AF31B78F90E00BC3DC4 /* SignUpViewController.swift */,
				AC0F6AF51B79313B00BC3DC4 /* PhoneVerifyViewController.swift */,
				ACC904391B86BAD000D90B78 /* ProfileViewController.swift */,
				ACD45B1B1B54062F009B1DC9 /* HomeTableViewController.swift */,
				ACE4F8F11B667A9C005FBE85 /* NewGroupViewController.swift */,
				AC088F111B7E62E400E23C6A /* DatesViewController.swift */,
				ACE4F8F71B67C134005FBE85 /* GroupDisplayViewController.swift */,
				AC5A5B8C1B6FF645007A975F /* TimeDisplayViewController.swift */,
				AC5A5B5A1B6BCA4B007A975F /* MemberFilterTableViewController.swift */,
				AC4E1A491B6958F70090A8E5 /* SelectTimeViewController.swift */,
				AC4E1A441B694E300090A8E5 /* TimeGridViewController.swift */,
				AC5A5B901B7159D3007A975F /* MembersTableViewController.swift */,
				AC5A5BC71B726867007A975F /* AddMemberViewController.swift */,
				AC5A5BC91B729210007A975F /* ByUsernameViewController.swift */,
				ACB1E9941B75518800426914 /* AddressBookTableViewController.swift */,
			);
			path = "View Controllers";
			sourceTree = "<group>";
		};
		AC45E0321B613F0900F99066 /* Frameworks */ = {
			isa = PBXGroup;
			children = (
				AC1398351C15262E007C7726 /* Parse.framework */,
				AC45E04D1B613FD200F99066 /* Accounts.framework */,
				AC45E0471B613FCB00F99066 /* libsqlite3.dylib */,
				AC45E0481B613FCB00F99066 /* libz.dylib */,
				AC45E0491B613FCB00F99066 /* SystemConfiguration.framework */,
				AC45E03F1B613FB900F99066 /* QuartzCore.framework */,
				AC45E0401B613FB900F99066 /* Security.framework */,
				AC45E0411B613FB900F99066 /* Social.framework */,
				AC45E03B1B613FAC00F99066 /* CoreGraphics.framework */,
				AC45E03C1B613FAC00F99066 /* CoreLocation.framework */,
				AC45E0391B613FA500F99066 /* CFNetwork.framework */,
				AC45E0371B613F9E00F99066 /* AudioToolbox.framework */,
				AC45E0331B613F2C00F99066 /* Bolts.framework */,
			);
			path = Frameworks;
			sourceTree = "<group>";
		};
		AC5A5BC21B716433007A975F /* Views */ = {
			isa = PBXGroup;
			children = (
				AC5A5BC51B71645F007A975F /* TimeButton.swift */,
				AC5A5BC31B716433007A975F /* TimeDisplayButton.swift */,
				AC0F6AED1B77076100BC3DC4 /* ContactCell.swift */,
			);
			path = Views;
			sourceTree = "<group>";
		};
		ACD45AED1B5405BF009B1DC9 = {
			isa = PBXGroup;
			children = (
				ACD45AF81B5405BF009B1DC9 /* WeMeet */,
				ACD45B0E1B5405BF009B1DC9 /* WeMeetTests */,
				ACD45AF71B5405BF009B1DC9 /* Products */,
				EB702937C2065A22D948D563 /* Pods */,
				1C58C2E6C5ADC0D0505F55F0 /* Frameworks */,
			);
			sourceTree = "<group>";
		};
		ACD45AF71B5405BF009B1DC9 /* Products */ = {
			isa = PBXGroup;
			children = (
				ACD45AF61B5405BF009B1DC9 /* WeMeet.app */,
				ACD45B0B1B5405BF009B1DC9 /* WeMeetTests.xctest */,
			);
			name = Products;
			sourceTree = "<group>";
		};
		ACD45AF81B5405BF009B1DC9 /* WeMeet */ = {
			isa = PBXGroup;
			children = (
				AC5A5BC21B716433007A975F /* Views */,
				AC45E0301B613F0900F99066 /* Models */,
				AC45E0311B613F0900F99066 /* View Controllers */,
				AC45E0321B613F0900F99066 /* Frameworks */,
				ACD45AFB1B5405BF009B1DC9 /* AppDelegate.swift */,
				ACD45AFF1B5405BF009B1DC9 /* Main.storyboard */,
				ACD45B021B5405BF009B1DC9 /* Images.xcassets */,
				ACD45B041B5405BF009B1DC9 /* LaunchScreen.xib */,
				ACD45AF91B5405BF009B1DC9 /* Supporting Files */,
				AC5A5BCB1B73BB85007A975F /* AlertControllerHelper.swift */,
				AC1398381C1528FB007C7726 /* bridge.h */,
			);
			path = WeMeet;
			sourceTree = "<group>";
		};
		ACD45AF91B5405BF009B1DC9 /* Supporting Files */ = {
			isa = PBXGroup;
			children = (
				ACD45AFA1B5405BF009B1DC9 /* Info.plist */,
			);
			name = "Supporting Files";
			sourceTree = "<group>";
		};
		ACD45B0E1B5405BF009B1DC9 /* WeMeetTests */ = {
			isa = PBXGroup;
			children = (
				ACD45B111B5405BF009B1DC9 /* WeMeetTests.swift */,
				ACD45B0F1B5405BF009B1DC9 /* Supporting Files */,
			);
			path = WeMeetTests;
			sourceTree = "<group>";
		};
		ACD45B0F1B5405BF009B1DC9 /* Supporting Files */ = {
			isa = PBXGroup;
			children = (
				ACD45B101B5405BF009B1DC9 /* Info.plist */,
			);
			name = "Supporting Files";
			sourceTree = "<group>";
		};
		EB702937C2065A22D948D563 /* Pods */ = {
			isa = PBXGroup;
			children = (
				7EE2410F5C6DF26298049031 /* Pods-WeMeet.debug.xcconfig */,
				CABF17B01D7D5AF7BE6CC99C /* Pods-WeMeet.release.xcconfig */,
			);
			name = Pods;
			sourceTree = "<group>";
		};
/* End PBXGroup section */

/* Begin PBXNativeTarget section */
		ACD45AF51B5405BF009B1DC9 /* WeMeet */ = {
			isa = PBXNativeTarget;
			buildConfigurationList = ACD45B151B5405BF009B1DC9 /* Build configuration list for PBXNativeTarget "WeMeet" */;
			buildPhases = (
				EF71F9F65D4390DD7753B688 /* Check Pods Manifest.lock */,
				ACD45AF21B5405BF009B1DC9 /* Sources */,
				ACD45AF31B5405BF009B1DC9 /* Frameworks */,
				ACD45AF41B5405BF009B1DC9 /* Resources */,
				4082EC5039F9C55DBFFA07B9 /* Embed Pods Frameworks */,
				9E45F2C7274ECBFC05B8333B /* Copy Pods Resources */,
			);
			buildRules = (
			);
			dependencies = (
			);
			name = WeMeet;
			productName = WeMeet;
			productReference = ACD45AF61B5405BF009B1DC9 /* WeMeet.app */;
			productType = "com.apple.product-type.application";
		};
		ACD45B0A1B5405BF009B1DC9 /* WeMeetTests */ = {
			isa = PBXNativeTarget;
			buildConfigurationList = ACD45B181B5405BF009B1DC9 /* Build configuration list for PBXNativeTarget "WeMeetTests" */;
			buildPhases = (
				ACD45B071B5405BF009B1DC9 /* Sources */,
				ACD45B081B5405BF009B1DC9 /* Frameworks */,
				ACD45B091B5405BF009B1DC9 /* Resources */,
			);
			buildRules = (
			);
			dependencies = (
				ACD45B0D1B5405BF009B1DC9 /* PBXTargetDependency */,
			);
			name = WeMeetTests;
			productName = WeMeetTests;
			productReference = ACD45B0B1B5405BF009B1DC9 /* WeMeetTests.xctest */;
			productType = "com.apple.product-type.bundle.unit-test";
		};
/* End PBXNativeTarget section */

/* Begin PBXProject section */
		ACD45AEE1B5405BF009B1DC9 /* Project object */ = {
			isa = PBXProject;
			attributes = {
				LastUpgradeCheck = 0630;
				ORGANIZATIONNAME = "Alex Yang";
				TargetAttributes = {
					ACD45AF51B5405BF009B1DC9 = {
						CreatedOnToolsVersion = 6.3.2;
						DevelopmentTeam = JMMEA7PMD4;
						SystemCapabilities = {
							com.apple.BackgroundModes = {
								enabled = 0;
							};
							com.apple.InAppPurchase = {
								enabled = 0;
							};
						};
					};
					ACD45B0A1B5405BF009B1DC9 = {
						CreatedOnToolsVersion = 6.3.2;
						TestTargetID = ACD45AF51B5405BF009B1DC9;
					};
				};
			};
			buildConfigurationList = ACD45AF11B5405BF009B1DC9 /* Build configuration list for PBXProject "WeMeet" */;
			compatibilityVersion = "Xcode 3.2";
			developmentRegion = English;
			hasScannedForEncodings = 0;
			knownRegions = (
				en,
				Base,
			);
			mainGroup = ACD45AED1B5405BF009B1DC9;
			productRefGroup = ACD45AF71B5405BF009B1DC9 /* Products */;
			projectDirPath = "";
			projectRoot = "";
			targets = (
				ACD45AF51B5405BF009B1DC9 /* WeMeet */,
				ACD45B0A1B5405BF009B1DC9 /* WeMeetTests */,
			);
		};
/* End PBXProject section */

/* Begin PBXResourcesBuildPhase section */
		ACD45AF41B5405BF009B1DC9 /* Resources */ = {
			isa = PBXResourcesBuildPhase;
			buildActionMask = 2147483647;
			files = (
				ACD45B011B5405BF009B1DC9 /* Main.storyboard in Resources */,
				ACD45B061B5405BF009B1DC9 /* LaunchScreen.xib in Resources */,
				ACD45B031B5405BF009B1DC9 /* Images.xcassets in Resources */,
			);
			runOnlyForDeploymentPostprocessing = 0;
		};
		ACD45B091B5405BF009B1DC9 /* Resources */ = {
			isa = PBXResourcesBuildPhase;
			buildActionMask = 2147483647;
			files = (
			);
			runOnlyForDeploymentPostprocessing = 0;
		};
/* End PBXResourcesBuildPhase section */

/* Begin PBXShellScriptBuildPhase section */
		4082EC5039F9C55DBFFA07B9 /* Embed Pods Frameworks */ = {
			isa = PBXShellScriptBuildPhase;
			buildActionMask = 2147483647;
			files = (
			);
			inputPaths = (
			);
			name = "Embed Pods Frameworks";
			outputPaths = (
			);
			runOnlyForDeploymentPostprocessing = 0;
			shellPath = /bin/sh;
			shellScript = "\"${SRCROOT}/Pods/Target Support Files/Pods-WeMeet/Pods-WeMeet-frameworks.sh\"\n";
			showEnvVarsInLog = 0;
		};
		9E45F2C7274ECBFC05B8333B /* Copy Pods Resources */ = {
			isa = PBXShellScriptBuildPhase;
			buildActionMask = 2147483647;
			files = (
			);
			inputPaths = (
			);
			name = "Copy Pods Resources";
			outputPaths = (
			);
			runOnlyForDeploymentPostprocessing = 0;
			shellPath = /bin/sh;
			shellScript = "\"${SRCROOT}/Pods/Target Support Files/Pods-WeMeet/Pods-WeMeet-resources.sh\"\n";
			showEnvVarsInLog = 0;
		};
		EF71F9F65D4390DD7753B688 /* Check Pods Manifest.lock */ = {
			isa = PBXShellScriptBuildPhase;
			buildActionMask = 2147483647;
			files = (
			);
			inputPaths = (
			);
			name = "Check Pods Manifest.lock";
			outputPaths = (
			);
			runOnlyForDeploymentPostprocessing = 0;
			shellPath = /bin/sh;
			shellScript = "diff \"${PODS_ROOT}/../Podfile.lock\" \"${PODS_ROOT}/Manifest.lock\" > /dev/null\nif [[ $? != 0 ]] ; then\n    cat << EOM\nerror: The sandbox is not in sync with the Podfile.lock. Run 'pod install' or update your CocoaPods installation.\nEOM\n    exit 1\nfi\n";
			showEnvVarsInLog = 0;
		};
/* End PBXShellScriptBuildPhase section */

/* Begin PBXSourcesBuildPhase section */
		ACD45AF21B5405BF009B1DC9 /* Sources */ = {
			isa = PBXSourcesBuildPhase;
			buildActionMask = 2147483647;
			files = (
				AC45E05E1B656B5F00F99066 /* Timeslot.swift in Sources */,
				ACB1E9951B75518800426914 /* AddressBookTableViewController.swift in Sources */,
				AC5A5BC81B726867007A975F /* AddMemberViewController.swift in Sources */,
				AC4E1A4A1B6958F70090A8E5 /* SelectTimeViewController.swift in Sources */,
				AC5A5BCA1B729210007A975F /* ByUsernameViewController.swift in Sources */,
				ACE4F8F21B667A9C005FBE85 /* NewGroupViewController.swift in Sources */,
				AC0F6AF61B79313B00BC3DC4 /* PhoneVerifyViewController.swift in Sources */,
				AC45E0501B61673E00F99066 /* Group.swift in Sources */,
				AC5A5BC61B71645F007A975F /* TimeButton.swift in Sources */,
				AC0F6AF21B77E7D300BC3DC4 /* LoginViewController.swift in Sources */,
				AC5A5BC41B716433007A975F /* TimeDisplayButton.swift in Sources */,
				AC0F6AEE1B77076100BC3DC4 /* ContactCell.swift in Sources */,
				AC4E1A451B694E300090A8E5 /* TimeGridViewController.swift in Sources */,
				ACE4F8F81B67C134005FBE85 /* GroupDisplayViewController.swift in Sources */,
				AC088F121B7E62E400E23C6A /* DatesViewController.swift in Sources */,
				AC5A5BCC1B73BB85007A975F /* AlertControllerHelper.swift in Sources */,
				AC0F6AF41B78F90E00BC3DC4 /* SignUpViewController.swift in Sources */,
				ACD45B1C1B54062F009B1DC9 /* HomeTableViewController.swift in Sources */,
				AC5A5B911B7159D3007A975F /* MembersTableViewController.swift in Sources */,
				ACD45AFC1B5405BF009B1DC9 /* AppDelegate.swift in Sources */,
				AC5A5B8D1B6FF645007A975F /* TimeDisplayViewController.swift in Sources */,
				ACC9043A1B86BAD000D90B78 /* ProfileViewController.swift in Sources */,
				AC0F6B481B7D13CC00BC3DC4 /* TimeDate.swift in Sources */,
				AC5A5B5B1B6BCA4B007A975F /* MemberFilterTableViewController.swift in Sources */,
			);
			runOnlyForDeploymentPostprocessing = 0;
		};
		ACD45B071B5405BF009B1DC9 /* Sources */ = {
			isa = PBXSourcesBuildPhase;
			buildActionMask = 2147483647;
			files = (
				ACD45B121B5405BF009B1DC9 /* WeMeetTests.swift in Sources */,
			);
			runOnlyForDeploymentPostprocessing = 0;
		};
/* End PBXSourcesBuildPhase section */

/* Begin PBXTargetDependency section */
		ACD45B0D1B5405BF009B1DC9 /* PBXTargetDependency */ = {
			isa = PBXTargetDependency;
			target = ACD45AF51B5405BF009B1DC9 /* WeMeet */;
			targetProxy = ACD45B0C1B5405BF009B1DC9 /* PBXContainerItemProxy */;
		};
/* End PBXTargetDependency section */

/* Begin PBXVariantGroup section */
		ACD45AFF1B5405BF009B1DC9 /* Main.storyboard */ = {
			isa = PBXVariantGroup;
			children = (
				ACD45B001B5405BF009B1DC9 /* Base */,
			);
			name = Main.storyboard;
			sourceTree = "<group>";
		};
		ACD45B041B5405BF009B1DC9 /* LaunchScreen.xib */ = {
			isa = PBXVariantGroup;
			children = (
				ACD45B051B5405BF009B1DC9 /* Base */,
			);
			name = LaunchScreen.xib;
			sourceTree = "<group>";
		};
/* End PBXVariantGroup section */

/* Begin XCBuildConfiguration section */
		ACD45B131B5405BF009B1DC9 /* Debug */ = {
			isa = XCBuildConfiguration;
			buildSettings = {
				ALWAYS_SEARCH_USER_PATHS = NO;
				CLANG_CXX_LANGUAGE_STANDARD = "gnu++0x";
				CLANG_CXX_LIBRARY = "libc++";
				CLANG_ENABLE_MODULES = YES;
				CLANG_ENABLE_OBJC_ARC = YES;
				CLANG_WARN_BOOL_CONVERSION = YES;
				CLANG_WARN_CONSTANT_CONVERSION = YES;
				CLANG_WARN_DIRECT_OBJC_ISA_USAGE = YES_ERROR;
				CLANG_WARN_EMPTY_BODY = YES;
				CLANG_WARN_ENUM_CONVERSION = YES;
				CLANG_WARN_INT_CONVERSION = YES;
				CLANG_WARN_OBJC_ROOT_CLASS = YES_ERROR;
				CLANG_WARN_UNREACHABLE_CODE = YES;
				CLANG_WARN__DUPLICATE_METHOD_MATCH = YES;
				"CODE_SIGN_IDENTITY[sdk=iphoneos*]" = "iPhone Developer";
				COPY_PHASE_STRIP = NO;
				DEBUG_INFORMATION_FORMAT = "dwarf-with-dsym";
				ENABLE_STRICT_OBJC_MSGSEND = YES;
				GCC_C_LANGUAGE_STANDARD = gnu99;
				GCC_DYNAMIC_NO_PIC = NO;
				GCC_NO_COMMON_BLOCKS = YES;
				GCC_OPTIMIZATION_LEVEL = 0;
				GCC_PREPROCESSOR_DEFINITIONS = (
					"DEBUG=1",
					"$(inherited)",
				);
				GCC_SYMBOLS_PRIVATE_EXTERN = NO;
				GCC_WARN_64_TO_32_BIT_CONVERSION = YES;
				GCC_WARN_ABOUT_RETURN_TYPE = YES_ERROR;
				GCC_WARN_UNDECLARED_SELECTOR = YES;
				GCC_WARN_UNINITIALIZED_AUTOS = YES_AGGRESSIVE;
				GCC_WARN_UNUSED_FUNCTION = YES;
				GCC_WARN_UNUSED_VARIABLE = YES;
				IPHONEOS_DEPLOYMENT_TARGET = 8.3;
				MTL_ENABLE_DEBUG_INFO = YES;
				ONLY_ACTIVE_ARCH = YES;
				SDKROOT = iphoneos;
				SWIFT_OPTIMIZATION_LEVEL = "-Onone";
			};
			name = Debug;
		};
		ACD45B141B5405BF009B1DC9 /* Release */ = {
			isa = XCBuildConfiguration;
			buildSettings = {
				ALWAYS_SEARCH_USER_PATHS = NO;
				CLANG_CXX_LANGUAGE_STANDARD = "gnu++0x";
				CLANG_CXX_LIBRARY = "libc++";
				CLANG_ENABLE_MODULES = YES;
				CLANG_ENABLE_OBJC_ARC = YES;
				CLANG_WARN_BOOL_CONVERSION = YES;
				CLANG_WARN_CONSTANT_CONVERSION = YES;
				CLANG_WARN_DIRECT_OBJC_ISA_USAGE = YES_ERROR;
				CLANG_WARN_EMPTY_BODY = YES;
				CLANG_WARN_ENUM_CONVERSION = YES;
				CLANG_WARN_INT_CONVERSION = YES;
				CLANG_WARN_OBJC_ROOT_CLASS = YES_ERROR;
				CLANG_WARN_UNREACHABLE_CODE = YES;
				CLANG_WARN__DUPLICATE_METHOD_MATCH = YES;
				"CODE_SIGN_IDENTITY[sdk=iphoneos*]" = "iPhone Developer";
				COPY_PHASE_STRIP = NO;
				DEBUG_INFORMATION_FORMAT = "dwarf-with-dsym";
				ENABLE_NS_ASSERTIONS = NO;
				ENABLE_STRICT_OBJC_MSGSEND = YES;
				GCC_C_LANGUAGE_STANDARD = gnu99;
				GCC_NO_COMMON_BLOCKS = YES;
				GCC_WARN_64_TO_32_BIT_CONVERSION = YES;
				GCC_WARN_ABOUT_RETURN_TYPE = YES_ERROR;
				GCC_WARN_UNDECLARED_SELECTOR = YES;
				GCC_WARN_UNINITIALIZED_AUTOS = YES_AGGRESSIVE;
				GCC_WARN_UNUSED_FUNCTION = YES;
				GCC_WARN_UNUSED_VARIABLE = YES;
				IPHONEOS_DEPLOYMENT_TARGET = 8.3;
				MTL_ENABLE_DEBUG_INFO = NO;
				SDKROOT = iphoneos;
				VALIDATE_PRODUCT = YES;
			};
			name = Release;
		};
		ACD45B161B5405BF009B1DC9 /* Debug */ = {
			isa = XCBuildConfiguration;
			baseConfigurationReference = 7EE2410F5C6DF26298049031 /* Pods-WeMeet.debug.xcconfig */;
			buildSettings = {
				ASSETCATALOG_COMPILER_APPICON_NAME = AppIcon;
				CLANG_ENABLE_MODULES = YES;
				FRAMEWORK_SEARCH_PATHS = (
					"$(PROJECT_DIR)/WeMeet/Frameworks/**",
					"$(SRCROOT)/**",
					"$(PROJECT_DIR)/Frameworks",
				);
				HEADER_SEARCH_PATHS = (
					"$(PROJECT_DIR)/WeMeet",
					"$(inherited)",
					"$(PROJECT_DIR)/lib",
					/Applications/Xcode.app/Contents/Developer/Toolchains/XcodeDefault.xctoolchain/usr/include,
				);
				INFOPLIST_FILE = WeMeet/Info.plist;
				LD_RUNPATH_SEARCH_PATHS = "$(inherited) @executable_path/Frameworks";
				PRODUCT_NAME = "$(TARGET_NAME)";
				SWIFT_OBJC_BRIDGING_HEADER = WeMeet/bridge.h;
				SWIFT_OPTIMIZATION_LEVEL = "-Onone";
			};
			name = Debug;
		};
		ACD45B171B5405BF009B1DC9 /* Release */ = {
			isa = XCBuildConfiguration;
			baseConfigurationReference = CABF17B01D7D5AF7BE6CC99C /* Pods-WeMeet.release.xcconfig */;
			buildSettings = {
				ASSETCATALOG_COMPILER_APPICON_NAME = AppIcon;
				CLANG_ENABLE_MODULES = YES;
				FRAMEWORK_SEARCH_PATHS = (
					"$(PROJECT_DIR)/WeMeet/Frameworks/**",
					"$(SRCROOT)/**",
					"$(PROJECT_DIR)/Frameworks",
				);
				HEADER_SEARCH_PATHS = (
					"$(PROJECT_DIR)/WeMeet",
					"$(inherited)",
					"$(PROJECT_DIR)/lib",
					/Applications/Xcode.app/Contents/Developer/Toolchains/XcodeDefault.xctoolchain/usr/include,
				);
				INFOPLIST_FILE = WeMeet/Info.plist;
				LD_RUNPATH_SEARCH_PATHS = "$(inherited) @executable_path/Frameworks";
				PRODUCT_NAME = "$(TARGET_NAME)";
				SWIFT_OBJC_BRIDGING_HEADER = WeMeet/bridge.h;
			};
			name = Release;
		};
		ACD45B191B5405BF009B1DC9 /* Debug */ = {
			isa = XCBuildConfiguration;
			buildSettings = {
				BUNDLE_LOADER = "$(TEST_HOST)";
				FRAMEWORK_SEARCH_PATHS = (
					"$(SDKROOT)/Developer/Library/Frameworks",
					"$(inherited)",
				);
				GCC_PREPROCESSOR_DEFINITIONS = (
					"DEBUG=1",
					"$(inherited)",
				);
				INFOPLIST_FILE = WeMeetTests/Info.plist;
				LD_RUNPATH_SEARCH_PATHS = "$(inherited) @executable_path/Frameworks @loader_path/Frameworks";
				PRODUCT_NAME = "$(TARGET_NAME)";
				TEST_HOST = "$(BUILT_PRODUCTS_DIR)/WeMeet.app/WeMeet";
			};
			name = Debug;
		};
		ACD45B1A1B5405BF009B1DC9 /* Release */ = {
			isa = XCBuildConfiguration;
			buildSettings = {
				BUNDLE_LOADER = "$(TEST_HOST)";
				FRAMEWORK_SEARCH_PATHS = (
					"$(SDKROOT)/Developer/Library/Frameworks",
					"$(inherited)",
				);
				INFOPLIST_FILE = WeMeetTests/Info.plist;
				LD_RUNPATH_SEARCH_PATHS = "$(inherited) @executable_path/Frameworks @loader_path/Frameworks";
				PRODUCT_NAME = "$(TARGET_NAME)";
				TEST_HOST = "$(BUILT_PRODUCTS_DIR)/WeMeet.app/WeMeet";
			};
			name = Release;
		};
/* End XCBuildConfiguration section */

/* Begin XCConfigurationList section */
		ACD45AF11B5405BF009B1DC9 /* Build configuration list for PBXProject "WeMeet" */ = {
			isa = XCConfigurationList;
			buildConfigurations = (
				ACD45B131B5405BF009B1DC9 /* Debug */,
				ACD45B141B5405BF009B1DC9 /* Release */,
			);
			defaultConfigurationIsVisible = 0;
			defaultConfigurationName = Release;
		};
		ACD45B151B5405BF009B1DC9 /* Build configuration list for PBXNativeTarget "WeMeet" */ = {
			isa = XCConfigurationList;
			buildConfigurations = (
				ACD45B161B5405BF009B1DC9 /* Debug */,
				ACD45B171B5405BF009B1DC9 /* Release */,
			);
			defaultConfigurationIsVisible = 0;
			defaultConfigurationName = Release;
		};
		ACD45B181B5405BF009B1DC9 /* Build configuration list for PBXNativeTarget "WeMeetTests" */ = {
			isa = XCConfigurationList;
			buildConfigurations = (
				ACD45B191B5405BF009B1DC9 /* Debug */,
				ACD45B1A1B5405BF009B1DC9 /* Release */,
			);
			defaultConfigurationIsVisible = 0;
			defaultConfigurationName = Release;
		};
/* End XCConfigurationList section */
	};
	rootObject = ACD45AEE1B5405BF009B1DC9 /* Project object */;
}
